
Microsoft Visual Studio Solution File, Format Version 12.00
# Visual Studio Version 17
VisualStudioVersion = 17.9.34622.214
MinimumVisualStudioVersion = 10.0.40219.1
Project("{9A19103F-16F7-4668-BE54-9A1E7A4F7556}") = "ListManagedFolders", "ListManagedFolders\ListManagedFolders.csproj", "{DF398C6B-CB6E-44E7-AFA1-606576782E38}"
EndProject
Project("{9A19103F-16F7-4668-BE54-9A1E7A4F7556}") = "FolderManager", "..\FolderManager\FolderManager\FolderManager.csproj", "{8E5211B9-EAE8-4262-BFB7-7470515BBCB3}"
EndProject
Global
	GlobalSection(SolutionConfigurationPlatforms) = preSolution
		Debug|Any CPU = Debug|Any CPU
		Release|Any CPU = Release|Any CPU
	EndGlobalSection
	GlobalSection(ProjectConfigurationPlatforms) = postSolution
		{DF398C6B-CB6E-44E7-AFA1-606576782E38}.Debug|Any CPU.ActiveCfg = Debug|Any CPU
		{DF398C6B-CB6E-44E7-AFA1-606576782E38}.Debug|Any CPU.Build.0 = Debug|Any CPU
		{DF398C6B-CB6E-44E7-AFA1-606576782E38}.Release|Any CPU.ActiveCfg = Release|Any CPU
		{DF398C6B-CB6E-44E7-AFA1-606576782E38}.Release|Any CPU.Build.0 = Release|Any CPU
		{8E5211B9-EAE8-4262-BFB7-7470515BBCB3}.Debug|Any CPU.ActiveCfg = Debug|Any CPU
		{8E5211B9-EAE8-4262-BFB7-7470515BBCB3}.Debug|Any CPU.Build.0 = Debug|Any CPU
		{8E5211B9-EAE8-4262-BFB7-7470515BBCB3}.Release|Any CPU.ActiveCfg = Release|Any CPU
		{8E5211B9-EAE8-4262-BFB7-7470515BBCB3}.Release|Any CPU.Build.0 = Release|Any CPU
	EndGlobalSection
	GlobalSection(SolutionProperties) = preSolution
		HideSolutionNode = FALSE
	EndGlobalSection
	GlobalSection(ExtensibilityGlobals) = postSolution
		SolutionGuid = {1578B966-48FD-4B63-8F76-6D1720987F93}
	EndGlobalSection
EndGlobal
