
Microsoft Visual Studio Solution File, Format Version 12.00
# Visual Studio Version 18
VisualStudioVersion = 18.0.11222.15
MinimumVisualStudioVersion = 10.0.40219.1
Project("{2150E333-8FDC-42A3-9474-1A3956D46DE8}") = "Solution Items", "Solution Items", "{EA3949B0-4E73-45D0-ACB3-864DFFAC824A}"
	ProjectSection(SolutionItems) = preProject
		.github\workflows\dotnet.yml = .github\workflows\dotnet.yml
		LICENSE = LICENSE
		ReadMe.md = ReadMe.md
	EndProjectSection
EndProject
Project("{FAE04EC0-301F-11D3-BF4B-00C04F79EFBC}") = "GenerateWindowsConfigSynchScripts", "GenerateWindowsConfigSynchScripts\GenerateWindowsConfigSynchScripts\GenerateWindowsConfigSynchScripts.csproj", "{27E24689-E272-46BF-553B-F5E0E962902A}"
EndProject
Project("{FAE04EC0-301F-11D3-BF4B-00C04F79EFBC}") = "GenerateWindowsConfigSynchScripts.Test", "GenerateWindowsConfigSynchScripts\GenerateWindowsConfigSynchScripts.Test\GenerateWindowsConfigSynchScripts.Test.csproj", "{B5E7F5F1-1508-DEC1-2DFA-B7BE2754EBBA}"
EndProject
Project("{FAE04EC0-301F-11D3-BF4B-00C04F79EFBC}") = "ResetPerms", "ResetPerms\ResetPerms\ResetPerms.csproj", "{8946629D-BE70-40EE-9216-12F1A32D236D}"
EndProject
Project("{FAE04EC0-301F-11D3-BF4B-00C04F79EFBC}") = "ResetPerms.Test", "ResetPerms\ResetPerms.Test\ResetPerms.Test.csproj", "{D3C01972-4ABB-419A-8AB7-6E1FF396537A}"
EndProject
Project("{FAE04EC0-301F-11D3-BF4B-00C04F79EFBC}") = "RemoveEmptyRobocopyLogs", "RemoveEmptyRobocopyLogs\RemoveEmptyRobocopyLogs\RemoveEmptyRobocopyLogs.csproj", "{20C82CD7-4412-2B71-3673-5CEE3B2BFA6C}"
EndProject
Project("{FAE04EC0-301F-11D3-BF4B-00C04F79EFBC}") = "RemoveEmptyRobocopyLogs.Test", "RemoveEmptyRobocopyLogs\RemoveEmptyRobocopyLogs.Test\RemoveEmptyRobocopyLogs.Test.csproj", "{E7BE2828-0133-22C0-626D-019BB5AEC14A}"
EndProject
Project("{FAE04EC0-301F-11D3-BF4B-00C04F79EFBC}") = "RunCliTests", "RunCliTests\RunCliTests\RunCliTests.csproj", "{29DD0929-DB0F-3348-19CB-86BB948869E4}"
EndProject
Project("{FAE04EC0-301F-11D3-BF4B-00C04F79EFBC}") = "Tools.Lib", "Tools.Lib\Tools.Lib.csproj", "{05728932-9CF5-4A76-BE13-5BE3D2C42FAB}"
EndProject
Global
	GlobalSection(SolutionConfigurationPlatforms) = preSolution
		Debug|Any CPU = Debug|Any CPU
		Release|Any CPU = Release|Any CPU
	EndGlobalSection
	GlobalSection(ProjectConfigurationPlatforms) = postSolution
		{27E24689-E272-46BF-553B-F5E0E962902A}.Debug|Any CPU.ActiveCfg = Debug|Any CPU
		{27E24689-E272-46BF-553B-F5E0E962902A}.Debug|Any CPU.Build.0 = Debug|Any CPU
		{27E24689-E272-46BF-553B-F5E0E962902A}.Release|Any CPU.ActiveCfg = Release|Any CPU
		{27E24689-E272-46BF-553B-F5E0E962902A}.Release|Any CPU.Build.0 = Release|Any CPU
		{B5E7F5F1-1508-DEC1-2DFA-B7BE2754EBBA}.Debug|Any CPU.ActiveCfg = Debug|Any CPU
		{B5E7F5F1-1508-DEC1-2DFA-B7BE2754EBBA}.Debug|Any CPU.Build.0 = Debug|Any CPU
		{B5E7F5F1-1508-DEC1-2DFA-B7BE2754EBBA}.Release|Any CPU.ActiveCfg = Release|Any CPU
		{B5E7F5F1-1508-DEC1-2DFA-B7BE2754EBBA}.Release|Any CPU.Build.0 = Release|Any CPU
		{8946629D-BE70-40EE-9216-12F1A32D236D}.Debug|Any CPU.ActiveCfg = Debug|Any CPU
		{8946629D-BE70-40EE-9216-12F1A32D236D}.Debug|Any CPU.Build.0 = Debug|Any CPU
		{8946629D-BE70-40EE-9216-12F1A32D236D}.Release|Any CPU.ActiveCfg = Release|Any CPU
		{8946629D-BE70-40EE-9216-12F1A32D236D}.Release|Any CPU.Build.0 = Release|Any CPU
		{D3C01972-4ABB-419A-8AB7-6E1FF396537A}.Debug|Any CPU.ActiveCfg = Debug|Any CPU
		{D3C01972-4ABB-419A-8AB7-6E1FF396537A}.Debug|Any CPU.Build.0 = Debug|Any CPU
		{D3C01972-4ABB-419A-8AB7-6E1FF396537A}.Release|Any CPU.ActiveCfg = Release|Any CPU
		{D3C01972-4ABB-419A-8AB7-6E1FF396537A}.Release|Any CPU.Build.0 = Release|Any CPU
		{20C82CD7-4412-2B71-3673-5CEE3B2BFA6C}.Debug|Any CPU.ActiveCfg = Debug|Any CPU
		{20C82CD7-4412-2B71-3673-5CEE3B2BFA6C}.Debug|Any CPU.Build.0 = Debug|Any CPU
		{20C82CD7-4412-2B71-3673-5CEE3B2BFA6C}.Release|Any CPU.ActiveCfg = Release|Any CPU
		{20C82CD7-4412-2B71-3673-5CEE3B2BFA6C}.Release|Any CPU.Build.0 = Release|Any CPU
		{E7BE2828-0133-22C0-626D-019BB5AEC14A}.Debug|Any CPU.ActiveCfg = Debug|Any CPU
		{E7BE2828-0133-22C0-626D-019BB5AEC14A}.Debug|Any CPU.Build.0 = Debug|Any CPU
		{E7BE2828-0133-22C0-626D-019BB5AEC14A}.Release|Any CPU.ActiveCfg = Release|Any CPU
		{E7BE2828-0133-22C0-626D-019BB5AEC14A}.Release|Any CPU.Build.0 = Release|Any CPU
		{29DD0929-DB0F-3348-19CB-86BB948869E4}.Debug|Any CPU.ActiveCfg = Debug|Any CPU
		{29DD0929-DB0F-3348-19CB-86BB948869E4}.Debug|Any CPU.Build.0 = Debug|Any CPU
		{29DD0929-DB0F-3348-19CB-86BB948869E4}.Release|Any CPU.ActiveCfg = Release|Any CPU
		{29DD0929-DB0F-3348-19CB-86BB948869E4}.Release|Any CPU.Build.0 = Release|Any CPU
		{05728932-9CF5-4A76-BE13-5BE3D2C42FAB}.Debug|Any CPU.ActiveCfg = Debug|Any CPU
		{05728932-9CF5-4A76-BE13-5BE3D2C42FAB}.Debug|Any CPU.Build.0 = Debug|Any CPU
		{05728932-9CF5-4A76-BE13-5BE3D2C42FAB}.Release|Any CPU.ActiveCfg = Release|Any CPU
		{05728932-9CF5-4A76-BE13-5BE3D2C42FAB}.Release|Any CPU.Build.0 = Release|Any CPU
	EndGlobalSection
	GlobalSection(SolutionProperties) = preSolution
		HideSolutionNode = FALSE
	EndGlobalSection
	GlobalSection(ExtensibilityGlobals) = postSolution
		SolutionGuid = {C856A923-B5EE-4C39-A203-0D37C1EB9E88}
	EndGlobalSection
EndGlobal
