<Solution>
  <Folder Name="/Solution Items/">
    <File Path=".github/workflows/dotnet.yml" />
  </Folder>
  <Project Path="GenerateWindowsConfigSynchScripts/GenerateWindowsConfigSynchScripts.Test/GenerateWindowsConfigSynchScripts.Test.csproj" />
  <Project Path="GenerateWindowsConfigSynchScripts/GenerateWindowsConfigSynchScripts/GenerateWindowsConfigSynchScripts.csproj" />
  <Project Path="LogsDeleter/LogsDeleter.Test/LogsDeleter.Test.csproj" />
  <Project Path="LogsDeleter/LogsDeleter/LogsDeleter.csproj" />
  <Project Path="ResetPerms/ResetPerms.Test/ResetPerms.Test.csproj" />
  <Project Path="ResetPerms/ResetPerms/ResetPerms.csproj" />
  <Project Path="RunCliTests/RunCliTests/RunCliTests.csproj" />
  <Project Path="Tools.Lib/Tools.Lib.csproj" />
</Solution>