Microsoft Visual Studio Solution File, Format Version 12.00
# Visual Studio Version 17
VisualStudioVersion = 17.5.2.0
MinimumVisualStudioVersion = 10.0.40219.1
Project("{FAE04EC0-301F-11D3-BF4B-00C04F79EFBC}") = "Tools.Lib", "Tools.Lib\Tools.Lib.csproj", "{95365B36-91F1-E4DB-99E5-8C31956E9737}"
EndProject
Project("{2150E333-8FDC-42A3-9474-1A3956D46DE8}") = "ResetPerms", "ResetPerms", "{793BC2E5-1A7E-F5A6-CF33-1B7A81F63D28}"
EndProject
Project("{2150E333-8FDC-42A3-9474-1A3956D46DE8}") = "GenerateWindowsConfigSynchScripts", "GenerateWindowsConfigSynchScripts", "{46C60EBC-0C42-90EC-A9B6-EC9F696C57F3}"
EndProject
Project("{2150E333-8FDC-42A3-9474-1A3956D46DE8}") = "LogsDeleter", "LogsDeleter", "{03DB3844-4B55-EF04-FB6E-EAA0249F9C7C}"
EndProject
Project("{2150E333-8FDC-42A3-9474-1A3956D46DE8}") = "RunCliTests", "RunCliTests", "{F87ECDE9-8433-3B22-0136-35FB7A1BBE40}"
EndProject
Project("{FAE04EC0-301F-11D3-BF4B-00C04F79EFBC}") = "ResetPerms", "ResetPerms\ResetPerms\ResetPerms.csproj", "{F69DDFC5-CBE6-06ED-9B06-FEC658281688}"
EndProject
Project("{FAE04EC0-301F-11D3-BF4B-00C04F79EFBC}") = "ResetPerms.Test", "ResetPerms\ResetPerms.Test\ResetPerms.Test.csproj", "{C329E441-1137-2065-B67D-776D51DD3833}"
EndProject
Project("{FAE04EC0-301F-11D3-BF4B-00C04F79EFBC}") = "GenerateWindowsConfigSynchScripts", "GenerateWindowsConfigSynchScripts\GenerateWindowsConfigSynchScripts\GenerateWindowsConfigSynchScripts.csproj", "{27E24689-E272-46BF-553B-F5E0E962902A}"
EndProject
Project("{FAE04EC0-301F-11D3-BF4B-00C04F79EFBC}") = "GenerateWindowsConfigSynchScripts.Test", "GenerateWindowsConfigSynchScripts\GenerateWindowsConfigSynchScripts.Test\GenerateWindowsConfigSynchScripts.Test.csproj", "{B5E7F5F1-1508-DEC1-2DFA-B7BE2754EBBA}"
EndProject
Project("{FAE04EC0-301F-11D3-BF4B-00C04F79EFBC}") = "LogsDeleter.Test", "LogsDeleter\LogsDeleter.Test\LogsDeleter.Test.csproj", "{99E28DEB-19FF-D1AB-BB89-28137E38BBC4}"
EndProject
Project("{FAE04EC0-301F-11D3-BF4B-00C04F79EFBC}") = "LogsDeleter", "LogsDeleter\LogsDeleter\LogsDeleter.csproj", "{131A7FA4-C345-5B37-5F80-B3F225DDE365}"
EndProject
Project("{FAE04EC0-301F-11D3-BF4B-00C04F79EFBC}") = "RunCliTests", "RunCliTests\RunCliTests\RunCliTests.csproj", "{29DD0929-DB0F-3348-19CB-86BB948869E4}"
EndProject
Global
	GlobalSection(SolutionConfigurationPlatforms) = preSolution
		Debug|Any CPU = Debug|Any CPU
		Release|Any CPU = Release|Any CPU
	EndGlobalSection
	GlobalSection(ProjectConfigurationPlatforms) = postSolution
		{95365B36-91F1-E4DB-99E5-8C31956E9737}.Debug|Any CPU.ActiveCfg = Debug|Any CPU
		{95365B36-91F1-E4DB-99E5-8C31956E9737}.Debug|Any CPU.Build.0 = Debug|Any CPU
		{95365B36-91F1-E4DB-99E5-8C31956E9737}.Release|Any CPU.ActiveCfg = Release|Any CPU
		{95365B36-91F1-E4DB-99E5-8C31956E9737}.Release|Any CPU.Build.0 = Release|Any CPU
		{F69DDFC5-CBE6-06ED-9B06-FEC658281688}.Debug|Any CPU.ActiveCfg = Debug|Any CPU
		{F69DDFC5-CBE6-06ED-9B06-FEC658281688}.Debug|Any CPU.Build.0 = Debug|Any CPU
		{F69DDFC5-CBE6-06ED-9B06-FEC658281688}.Release|Any CPU.ActiveCfg = Release|Any CPU
		{F69DDFC5-CBE6-06ED-9B06-FEC658281688}.Release|Any CPU.Build.0 = Release|Any CPU
		{C329E441-1137-2065-B67D-776D51DD3833}.Debug|Any CPU.ActiveCfg = Debug|Any CPU
		{C329E441-1137-2065-B67D-776D51DD3833}.Debug|Any CPU.Build.0 = Debug|Any CPU
		{C329E441-1137-2065-B67D-776D51DD3833}.Release|Any CPU.ActiveCfg = Release|Any CPU
		{C329E441-1137-2065-B67D-776D51DD3833}.Release|Any CPU.Build.0 = Release|Any CPU
		{27E24689-E272-46BF-553B-F5E0E962902A}.Debug|Any CPU.ActiveCfg = Debug|Any CPU
		{27E24689-E272-46BF-553B-F5E0E962902A}.Debug|Any CPU.Build.0 = Debug|Any CPU
		{27E24689-E272-46BF-553B-F5E0E962902A}.Release|Any CPU.ActiveCfg = Release|Any CPU
		{27E24689-E272-46BF-553B-F5E0E962902A}.Release|Any CPU.Build.0 = Release|Any CPU
		{B5E7F5F1-1508-DEC1-2DFA-B7BE2754EBBA}.Debug|Any CPU.ActiveCfg = Debug|Any CPU
		{B5E7F5F1-1508-DEC1-2DFA-B7BE2754EBBA}.Debug|Any CPU.Build.0 = Debug|Any CPU
		{B5E7F5F1-1508-DEC1-2DFA-B7BE2754EBBA}.Release|Any CPU.ActiveCfg = Release|Any CPU
		{B5E7F5F1-1508-DEC1-2DFA-B7BE2754EBBA}.Release|Any CPU.Build.0 = Release|Any CPU
		{99E28DEB-19FF-D1AB-BB89-28137E38BBC4}.Debug|Any CPU.ActiveCfg = Debug|Any CPU
		{99E28DEB-19FF-D1AB-BB89-28137E38BBC4}.Debug|Any CPU.Build.0 = Debug|Any CPU
		{99E28DEB-19FF-D1AB-BB89-28137E38BBC4}.Release|Any CPU.ActiveCfg = Release|Any CPU
		{99E28DEB-19FF-D1AB-BB89-28137E38BBC4}.Release|Any CPU.Build.0 = Release|Any CPU
		{131A7FA4-C345-5B37-5F80-B3F225DDE365}.Debug|Any CPU.ActiveCfg = Debug|Any CPU
		{131A7FA4-C345-5B37-5F80-B3F225DDE365}.Debug|Any CPU.Build.0 = Debug|Any CPU
		{131A7FA4-C345-5B37-5F80-B3F225DDE365}.Release|Any CPU.ActiveCfg = Release|Any CPU
		{131A7FA4-C345-5B37-5F80-B3F225DDE365}.Release|Any CPU.Build.0 = Release|Any CPU
		{29DD0929-DB0F-3348-19CB-86BB948869E4}.Debug|Any CPU.ActiveCfg = Debug|Any CPU
		{29DD0929-DB0F-3348-19CB-86BB948869E4}.Debug|Any CPU.Build.0 = Debug|Any CPU
		{29DD0929-DB0F-3348-19CB-86BB948869E4}.Release|Any CPU.ActiveCfg = Release|Any CPU
		{29DD0929-DB0F-3348-19CB-86BB948869E4}.Release|Any CPU.Build.0 = Release|Any CPU
	EndGlobalSection
	GlobalSection(SolutionProperties) = preSolution
		HideSolutionNode = FALSE
	EndGlobalSection
	GlobalSection(NestedProjects) = preSolution
		{F69DDFC5-CBE6-06ED-9B06-FEC658281688} = {793BC2E5-1A7E-F5A6-CF33-1B7A81F63D28}
		{C329E441-1137-2065-B67D-776D51DD3833} = {793BC2E5-1A7E-F5A6-CF33-1B7A81F63D28}
		{27E24689-E272-46BF-553B-F5E0E962902A} = {46C60EBC-0C42-90EC-A9B6-EC9F696C57F3}
		{B5E7F5F1-1508-DEC1-2DFA-B7BE2754EBBA} = {46C60EBC-0C42-90EC-A9B6-EC9F696C57F3}
		{99E28DEB-19FF-D1AB-BB89-28137E38BBC4} = {03DB3844-4B55-EF04-FB6E-EAA0249F9C7C}
		{131A7FA4-C345-5B37-5F80-B3F225DDE365} = {03DB3844-4B55-EF04-FB6E-EAA0249F9C7C}
		{29DD0929-DB0F-3348-19CB-86BB948869E4} = {F87ECDE9-8433-3B22-0136-35FB7A1BBE40}
	EndGlobalSection
	GlobalSection(ExtensibilityGlobals) = postSolution
		SolutionGuid = {3CA55DFB-8282-4B29-A5D3-F6EFE31B500F}
	EndGlobalSection
EndGlobal
