<Solution>
  <Project Name="RemoveEmptyRobocopyLogs"
           Path="RemoveEmptyRobocopyLogs/RemoveEmptyRobocopyLogs.csproj" />

  <Project Name="RemoveEmptyRobocopyLogs.Test"
           Path="RemoveEmptyRobocopyLogs.Test/RemoveEmptyRobocopyLogs.Test.csproj" />

  <Project Name="Tools.Lib"
           Path="../Tools.Lib/Tools.Lib.csproj" />
</Solution>