
Microsoft Visual Studio Solution File, Format Version 12.00
# Visual Studio Version 17
VisualStudioVersion = 17.9.34701.34
MinimumVisualStudioVersion = 10.0.40219.1
Project("{9A19103F-16F7-4668-BE54-9A1E7A4F7556}") = "FolderManager", "..\FolderManager\FolderManager\FolderManager.csproj", "{8F2BF9C4-77AB-4BB1-AFE9-6A2B81E4068D}"
EndProject
Project("{FAE04EC0-301F-11D3-BF4B-00C04F79EFBC}") = "RemoveEmptyRobocopyLogs", "RemoveEmptyRobocopyLogs\RemoveEmptyRobocopyLogs.csproj", "{75EF7F40-B1B0-4B1F-B910-6DC8A4E1E22C}"
EndProject
Project("{FAE04EC0-301F-11D3-BF4B-00C04F79EFBC}") = "RemoveEmptyRobocopyLogs.Test", "RemoveEmptyRobocopyLogs.Test\RemoveEmptyRobocopyLogs.Test.csproj", "{606BD0D1-ECF0-4EAF-9894-321143B45EAE}"
EndProject
Global
	GlobalSection(SolutionConfigurationPlatforms) = preSolution
		Debug|Any CPU = Debug|Any CPU
		Release|Any CPU = Release|Any CPU
	EndGlobalSection
	GlobalSection(ProjectConfigurationPlatforms) = postSolution
		{8F2BF9C4-77AB-4BB1-AFE9-6A2B81E4068D}.Debug|Any CPU.ActiveCfg = Debug|Any CPU
		{8F2BF9C4-77AB-4BB1-AFE9-6A2B81E4068D}.Debug|Any CPU.Build.0 = Debug|Any CPU
		{8F2BF9C4-77AB-4BB1-AFE9-6A2B81E4068D}.Release|Any CPU.ActiveCfg = Release|Any CPU
		{8F2BF9C4-77AB-4BB1-AFE9-6A2B81E4068D}.Release|Any CPU.Build.0 = Release|Any CPU
		{75EF7F40-B1B0-4B1F-B910-6DC8A4E1E22C}.Debug|Any CPU.ActiveCfg = Debug|Any CPU
		{75EF7F40-B1B0-4B1F-B910-6DC8A4E1E22C}.Debug|Any CPU.Build.0 = Debug|Any CPU
		{75EF7F40-B1B0-4B1F-B910-6DC8A4E1E22C}.Release|Any CPU.ActiveCfg = Release|Any CPU
		{75EF7F40-B1B0-4B1F-B910-6DC8A4E1E22C}.Release|Any CPU.Build.0 = Release|Any CPU
		{606BD0D1-ECF0-4EAF-9894-321143B45EAE}.Debug|Any CPU.ActiveCfg = Debug|Any CPU
		{606BD0D1-ECF0-4EAF-9894-321143B45EAE}.Debug|Any CPU.Build.0 = Debug|Any CPU
		{606BD0D1-ECF0-4EAF-9894-321143B45EAE}.Release|Any CPU.ActiveCfg = Release|Any CPU
		{606BD0D1-ECF0-4EAF-9894-321143B45EAE}.Release|Any CPU.Build.0 = Release|Any CPU
	EndGlobalSection
	GlobalSection(SolutionProperties) = preSolution
		HideSolutionNode = FALSE
	EndGlobalSection
	GlobalSection(ExtensibilityGlobals) = postSolution
		SolutionGuid = {3270070E-077B-4873-8C45-3D31F8028248}
	EndGlobalSection
EndGlobal
