
Microsoft Visual Studio Solution File, Format Version 12.00
# Visual Studio Version 17
VisualStudioVersion = 17.9.34622.214
MinimumVisualStudioVersion = 10.0.40219.1
Project("{FAE04EC0-301F-11D3-BF4B-00C04F79EFBC}") = "FolderManager", "FolderManager\FolderManager.csproj", "{8891FFD2-ACFF-4811-8B59-51C80AC88B14}"
EndProject
Global
	GlobalSection(SolutionConfigurationPlatforms) = preSolution
		Debug|Any CPU = Debug|Any CPU
		Release|Any CPU = Release|Any CPU
	EndGlobalSection
	GlobalSection(ProjectConfigurationPlatforms) = postSolution
		{8891FFD2-ACFF-4811-8B59-51C80AC88B14}.Debug|Any CPU.ActiveCfg = Debug|Any CPU
		{8891FFD2-ACFF-4811-8B59-51C80AC88B14}.Debug|Any CPU.Build.0 = Debug|Any CPU
		{8891FFD2-ACFF-4811-8B59-51C80AC88B14}.Release|Any CPU.ActiveCfg = Release|Any CPU
		{8891FFD2-ACFF-4811-8B59-51C80AC88B14}.Release|Any CPU.Build.0 = Release|Any CPU
	EndGlobalSection
	GlobalSection(SolutionProperties) = preSolution
		HideSolutionNode = FALSE
	EndGlobalSection
	GlobalSection(ExtensibilityGlobals) = postSolution
		SolutionGuid = {FE9B1752-8AB1-499F-8735-68DC774A6DF7}
	EndGlobalSection
EndGlobal
