<Solution>
  <Project Name="GenerateSynchScripts"
           Path="GenerateSynchScripts/GenerateSynchScripts.csproj" />

  <Project Name="GenerateSynchScripts.Test"
           Path="GenerateSynchScripts.Test/GenerateSynchScripts.Test.csproj" />

  <Project Name="Tools.Lib"
           Path="../Tools.Lib/Tools.Lib.csproj" />
</Solution>