
Microsoft Visual Studio Solution File, Format Version 12.00
# Visual Studio Version 17
VisualStudioVersion = 17.2.32516.85
MinimumVisualStudioVersion = 10.0.40219.1
Project("{6EC3EE1D-3C4E-46DD-8F32-0CC8E7565705}") = "ResetPerms", "ResetPerms\ResetPerms.fsproj", "{10DE596E-CF60-4F77-8AAD-9FEC9808A74D}"
EndProject
Project("{6EC3EE1D-3C4E-46DD-8F32-0CC8E7565705}") = "ResetPerms.Test", "ResetPerms.Test\ResetPerms.Test.fsproj", "{46B8A0A2-73F8-4ED4-908E-2BC9B5CB1EAB}"
EndProject
Project("{9A19103F-16F7-4668-BE54-9A1E7A4F7556}") = "FolderManager", "..\FolderManager\FolderManager\FolderManager.csproj", "{694EC3CF-E0F4-468E-9CDF-D1C9737499CD}"
EndProject
Project("{9A19103F-16F7-4668-BE54-9A1E7A4F7556}") = "FolderManager.Test", "..\FolderManager\FolderManager.Test\FolderManager.Test.csproj", "{18EC985A-552F-4D93-B9B0-A05C88F76733}"
EndProject
Global
	GlobalSection(SolutionConfigurationPlatforms) = preSolution
		Debug|Any CPU = Debug|Any CPU
		Release|Any CPU = Release|Any CPU
	EndGlobalSection
	GlobalSection(ProjectConfigurationPlatforms) = postSolution
		{10DE596E-CF60-4F77-8AAD-9FEC9808A74D}.Debug|Any CPU.ActiveCfg = Debug|Any CPU
		{10DE596E-CF60-4F77-8AAD-9FEC9808A74D}.Debug|Any CPU.Build.0 = Debug|Any CPU
		{10DE596E-CF60-4F77-8AAD-9FEC9808A74D}.Release|Any CPU.ActiveCfg = Release|Any CPU
		{10DE596E-CF60-4F77-8AAD-9FEC9808A74D}.Release|Any CPU.Build.0 = Release|Any CPU
		{46B8A0A2-73F8-4ED4-908E-2BC9B5CB1EAB}.Debug|Any CPU.ActiveCfg = Debug|Any CPU
		{46B8A0A2-73F8-4ED4-908E-2BC9B5CB1EAB}.Debug|Any CPU.Build.0 = Debug|Any CPU
		{46B8A0A2-73F8-4ED4-908E-2BC9B5CB1EAB}.Release|Any CPU.ActiveCfg = Release|Any CPU
		{46B8A0A2-73F8-4ED4-908E-2BC9B5CB1EAB}.Release|Any CPU.Build.0 = Release|Any CPU
		{694EC3CF-E0F4-468E-9CDF-D1C9737499CD}.Debug|Any CPU.ActiveCfg = Debug|Any CPU
		{694EC3CF-E0F4-468E-9CDF-D1C9737499CD}.Debug|Any CPU.Build.0 = Debug|Any CPU
		{694EC3CF-E0F4-468E-9CDF-D1C9737499CD}.Release|Any CPU.ActiveCfg = Release|Any CPU
		{694EC3CF-E0F4-468E-9CDF-D1C9737499CD}.Release|Any CPU.Build.0 = Release|Any CPU
		{18EC985A-552F-4D93-B9B0-A05C88F76733}.Debug|Any CPU.ActiveCfg = Debug|Any CPU
		{18EC985A-552F-4D93-B9B0-A05C88F76733}.Debug|Any CPU.Build.0 = Debug|Any CPU
		{18EC985A-552F-4D93-B9B0-A05C88F76733}.Release|Any CPU.ActiveCfg = Release|Any CPU
		{18EC985A-552F-4D93-B9B0-A05C88F76733}.Release|Any CPU.Build.0 = Release|Any CPU
	EndGlobalSection
	GlobalSection(SolutionProperties) = preSolution
		HideSolutionNode = FALSE
	EndGlobalSection
	GlobalSection(ExtensibilityGlobals) = postSolution
		SolutionGuid = {865DA275-3119-4D25-AAC5-5C622AB376FB}
	EndGlobalSection
EndGlobal
