
Microsoft Visual Studio Solution File, Format Version 12.00
Project("{FAE04EC0-301F-11D3-BF4B-00C04F79EFBC}") = "Tools", "Tools\Tools.csproj", "{6746F7F4-82C3-4B2B-ACF9-4A0BE3B360BD}"
EndProject
Project("{FAE04EC0-301F-11D3-BF4B-00C04F79EFBC}") = "RunNightlyStayDeleted", "RunNightlyStayDeleted\RunNightlyStayDeleted.csproj", "{8D0F0C3A-E1AE-43FC-920F-CEC485164B94}"
EndProject
Global
	GlobalSection(SolutionConfigurationPlatforms) = preSolution
		Debug|Any CPU = Debug|Any CPU
		Release|Any CPU = Release|Any CPU
	EndGlobalSection
	GlobalSection(ProjectConfigurationPlatforms) = postSolution
		{6746F7F4-82C3-4B2B-ACF9-4A0BE3B360BD}.Debug|Any CPU.ActiveCfg = Debug|Any CPU
		{6746F7F4-82C3-4B2B-ACF9-4A0BE3B360BD}.Debug|Any CPU.Build.0 = Debug|Any CPU
		{6746F7F4-82C3-4B2B-ACF9-4A0BE3B360BD}.Release|Any CPU.ActiveCfg = Release|Any CPU
		{6746F7F4-82C3-4B2B-ACF9-4A0BE3B360BD}.Release|Any CPU.Build.0 = Release|Any CPU
		{8D0F0C3A-E1AE-43FC-920F-CEC485164B94}.Debug|Any CPU.ActiveCfg = Debug|Any CPU
		{8D0F0C3A-E1AE-43FC-920F-CEC485164B94}.Debug|Any CPU.Build.0 = Debug|Any CPU
		{8D0F0C3A-E1AE-43FC-920F-CEC485164B94}.Release|Any CPU.ActiveCfg = Release|Any CPU
		{8D0F0C3A-E1AE-43FC-920F-CEC485164B94}.Release|Any CPU.Build.0 = Release|Any CPU
	EndGlobalSection
EndGlobal
